
Microsoft Visual Studio Solution File, Format Version 12.00
# Visual Studio Version 16
VisualStudioVersion = 25.0.1706.14
MinimumVisualStudioVersion = 10.0.40219.1
Project("{FAE04EC0-301F-11D3-BF4B-00C04F79EFBC}") = "StudentEX", "StudentEX.csproj", "{8C30FA82-7593-4923-A5BD-0AD0779EA0AB}"
EndProject
Global
	GlobalSection(SolutionConfigurationPlatforms) = preSolution
		Debug|Any CPU = Debug|Any CPU
		Release|Any CPU = Release|Any CPU
	EndGlobalSection
	GlobalSection(ProjectConfigurationPlatforms) = postSolution
		{8C30FA82-7593-4923-A5BD-0AD0779EA0AB}.Debug|Any CPU.ActiveCfg = Debug|Any CPU
		{8C30FA82-7593-4923-A5BD-0AD0779EA0AB}.Debug|Any CPU.Build.0 = Debug|Any CPU
		{8C30FA82-7593-4923-A5BD-0AD0779EA0AB}.Release|Any CPU.ActiveCfg = Release|Any CPU
		{8C30FA82-7593-4923-A5BD-0AD0779EA0AB}.Release|Any CPU.Build.0 = Release|Any CPU
	EndGlobalSection
	GlobalSection(SolutionProperties) = preSolution
		HideSolutionNode = FALSE
	EndGlobalSection
	GlobalSection(ExtensibilityGlobals) = postSolution
		SolutionGuid = {373DE817-3753-44F0-9632-6F8937A0E447}
	EndGlobalSection
EndGlobal
